// !$*UTF8*$!
{
	archiveVersion = 1;
	classes = {
	};
	objectVersion = 77;
	objects = {

/* Begin PBXContainerItemProxy section */
		0BB220952FDD89CE0039E4EB /* PBXContainerItemProxy */ = {
			isa = PBXContainerItemProxy;
			containerPortal = 0BB2207F2FDD89CC0039E4EB /* Project object */;
			proxyType = 1;
			remoteGlobalIDString = 0BB220862FDD89CC0039E4EB;
			remoteInfo = "voicebot-ios-companion";
		};
		0BB2209F2FDD89CE0039E4EB /* PBXContainerItemProxy */ = {
			isa = PBXContainerItemProxy;
			containerPortal = 0BB2207F2FDD89CC0039E4EB /* Project object */;
			proxyType = 1;
			remoteGlobalIDString = 0BB220862FDD89CC0039E4EB;
			remoteInfo = "voicebot-ios-companion";
		};
/* End PBXContainerItemProxy section */

/* Begin PBXFileReference section */
		0BB220872FDD89CC0039E4EB /* voicebot-ios-companion.app */ = {isa = PBXFileReference; explicitFileType = wrapper.application; includeInIndex = 0; path = "voicebot-ios-companion.app"; sourceTree = BUILT_PRODUCTS_DIR; };
		0BB220942FDD89CE0039E4EB /* voicebot-ios-companionTests.xctest */ = {isa = PBXFileReference; explicitFileType = wrapper.cfbundle; includeInIndex = 0; path = "voicebot-ios-companionTests.xctest"; sourceTree = BUILT_PRODUCTS_DIR; };
		0BB2209E2FDD89CE0039E4EB /* voicebot-ios-companionUITests.xctest */ = {isa = PBXFileReference; explicitFileType = wrapper.cfbundle; includeInIndex = 0; path = "voicebot-ios-companionUITests.xctest"; sourceTree = BUILT_PRODUCTS_DIR; };
		0BB220B12FDD89CE0039E4EB /* voicebot-watchos-companion.app */ = {isa = PBXFileReference; explicitFileType = wrapper.application; includeInIndex = 0; path = "voicebot-watchos-companion.app"; sourceTree = BUILT_PRODUCTS_DIR; };
/* End PBXFileReference section */

/* Begin PBXFileSystemSynchronizedRootGroup section */
		0BB220892FDD89CC0039E4EB /* voicebot-ios-companion */ = {
			isa = PBXFileSystemSynchronizedRootGroup;
			path = "voicebot-ios-companion";
			sourceTree = "<group>";
		};
		0BB220972FDD89CE0039E4EB /* voicebot-ios-companionTests */ = {
			isa = PBXFileSystemSynchronizedRootGroup;
			path = "voicebot-ios-companionTests";
			sourceTree = "<group>";
		};
		0BB220A12FDD89CE0039E4EB /* voicebot-ios-companionUITests */ = {
			isa = PBXFileSystemSynchronizedRootGroup;
			path = "voicebot-ios-companionUITests";
			sourceTree = "<group>";
		};
		0BB220B22FDD89CE0039E4EB /* voicebot-watchos-companion Watch App */ = {
			isa = PBXFileSystemSynchronizedRootGroup;
			path = "voicebot-watchos-companion Watch App";
			sourceTree = "<group>";
		};
/* End PBXFileSystemSynchronizedRootGroup section */

/* Begin PBXFrameworksBuildPhase section */
		0BB220842FDD89CC0039E4EB /* Frameworks */ = {
			isa = PBXFrameworksBuildPhase;
			buildActionMask = 2147483647;
			files = (
			);
			runOnlyForDeploymentPostprocessing = 0;
		};
		0BB220912FDD89CE0039E4EB /* Frameworks */ = {
			isa = PBXFrameworksBuildPhase;
			buildActionMask = 2147483647;
			files = (
			);
			runOnlyForDeploymentPostprocessing = 0;
		};
		0BB2209B2FDD89CE0039E4EB /* Frameworks */ = {
			isa = PBXFrameworksBuildPhase;
			buildActionMask = 2147483647;
			files = (
			);
			runOnlyForDeploymentPostprocessing = 0;
		};
		0BB220B52FDD89CE0039E4EB /* Frameworks */ = {
			isa = PBXFrameworksBuildPhase;
			buildActionMask = 2147483647;
			files = (
			);
			runOnlyForDeploymentPostprocessing = 0;
		};
/* End PBXFrameworksBuildPhase section */

/* Begin PBXGroup section */
		0BB2207E2FDD89CC0039E4EB = {
			isa = PBXGroup;
			children = (
				0BB220892FDD89CC0039E4EB /* voicebot-ios-companion */,
				0BB220B22FDD89CE0039E4EB /* voicebot-watchos-companion Watch App */,
				0BB220972FDD89CE0039E4EB /* voicebot-ios-companionTests */,
				0BB220A12FDD89CE0039E4EB /* voicebot-ios-companionUITests */,
				0BB220882FDD89CC0039E4EB /* Products */,
			);
			sourceTree = "<group>";
		};
		0BB220882FDD89CC0039E4EB /* Products */ = {
			isa = PBXGroup;
			children = (
				0BB220872FDD89CC0039E4EB /* voicebot-ios-companion.app */,
				0BB220B12FDD89CE0039E4EB /* voicebot-watchos-companion.app */,
				0BB220942FDD89CE0039E4EB /* voicebot-ios-companionTests.xctest */,
				0BB2209E2FDD89CE0039E4EB /* voicebot-ios-companionUITests.xctest */,
			);
			name = Products;
			sourceTree = "<group>";
		};
/* End PBXGroup section */

/* Begin PBXNativeTarget section */
		0BB220862FDD89CC0039E4EB /* voicebot-ios-companion */ = {
			isa = PBXNativeTarget;
			buildConfigurationList = 0BB220A82FDD89CE0039E4EB /* Build configuration list for PBXNativeTarget "voicebot-ios-companion" */;
			buildPhases = (
				0BB220832FDD89CC0039E4EB /* Sources */,
				0BB220842FDD89CC0039E4EB /* Frameworks */,
				0BB220852FDD89CC0039E4EB /* Resources */,
			);
			buildRules = (
			);
			dependencies = (
			);
			fileSystemSynchronizedGroups = (
				0BB220892FDD89CC0039E4EB /* voicebot-ios-companion */,
			);
			name = "voicebot-ios-companion";
			packageProductDependencies = (
			);
			productName = "voicebot-ios-companion";
			productReference = 0BB220872FDD89CC0039E4EB /* voicebot-ios-companion.app */;
			productType = "com.apple.product-type.application";
		};
		0BB220932FDD89CE0039E4EB /* voicebot-ios-companionTests */ = {
			isa = PBXNativeTarget;
			buildConfigurationList = 0BB220AB2FDD89CE0039E4EB /* Build configuration list for PBXNativeTarget "voicebot-ios-companionTests" */;
			buildPhases = (
				0BB220902FDD89CE0039E4EB /* Sources */,
				0BB220912FDD89CE0039E4EB /* Frameworks */,
				0BB220922FDD89CE0039E4EB /* Resources */,
			);
			buildRules = (
			);
			dependencies = (
				0BB220962FDD89CE0039E4EB /* PBXTargetDependency */,
			);
			fileSystemSynchronizedGroups = (
				0BB220972FDD89CE0039E4EB /* voicebot-ios-companionTests */,
			);
			name = "voicebot-ios-companionTests";
			packageProductDependencies = (
			);
			productName = "voicebot-ios-companionTests";
			productReference = 0BB220942FDD89CE0039E4EB /* voicebot-ios-companionTests.xctest */;
			productType = "com.apple.product-type.bundle.unit-test";
		};
		0BB2209D2FDD89CE0039E4EB /* voicebot-ios-companionUITests */ = {
			isa = PBXNativeTarget;
			buildConfigurationList = 0BB220AE2FDD89CE0039E4EB /* Build configuration list for PBXNativeTarget "voicebot-ios-companionUITests" */;
			buildPhases = (
				0BB2209A2FDD89CE0039E4EB /* Sources */,
				0BB2209B2FDD89CE0039E4EB /* Frameworks */,
				0BB2209C2FDD89CE0039E4EB /* Resources */,
			);
			buildRules = (
			);
			dependencies = (
				0BB220A02FDD89CE0039E4EB /* PBXTargetDependency */,
			);
			fileSystemSynchronizedGroups = (
				0BB220A12FDD89CE0039E4EB /* voicebot-ios-companionUITests */,
			);
			name = "voicebot-ios-companionUITests";
			packageProductDependencies = (
			);
			productName = "voicebot-ios-companionUITests";
			productReference = 0BB2209E2FDD89CE0039E4EB /* voicebot-ios-companionUITests.xctest */;
			productType = "com.apple.product-type.bundle.ui-testing";
		};
		0BB220B32FDD89CE0039E4EB /* voicebot-watchos-companion */ = {
			isa = PBXNativeTarget;
			buildConfigurationList = 0BB220B72FDD89CE0039E4EB /* Build configuration list for PBXNativeTarget "voicebot-watchos-companion" */;
			buildPhases = (
				0BB220B42FDD89CE0039E4EB /* Sources */,
				0BB220B52FDD89CE0039E4EB /* Frameworks */,
				0BB220B62FDD89CE0039E4EB /* Resources */,
			);
			buildRules = (
			);
			dependencies = (
			);
			fileSystemSynchronizedGroups = (
				0BB220B22FDD89CE0039E4EB /* voicebot-watchos-companion Watch App */,
			);
			name = "voicebot-watchos-companion";
			packageProductDependencies = (
			);
			productName = "voicebot-watchos-companion";
			productReference = 0BB220B12FDD89CE0039E4EB /* voicebot-watchos-companion.app */;
			productType = "com.apple.product-type.application";
		};
/* End PBXNativeTarget section */

/* Begin PBXProject section */
		0BB2207F2FDD89CC0039E4EB /* Project object */ = {
			isa = PBXProject;
			attributes = {
				BuildIndependentTargetsInParallel = 1;
				LastSwiftUpdateCheck = 2630;
				LastUpgradeCheck = 2630;
				TargetAttributes = {
					0BB220862FDD89CC0039E4EB = {
						CreatedOnToolsVersion = 26.3;
					};
					0BB220932FDD89CE0039E4EB = {
						CreatedOnToolsVersion = 26.3;
						TestTargetID = 0BB220862FDD89CC0039E4EB;
					};
					0BB2209D2FDD89CE0039E4EB = {
						CreatedOnToolsVersion = 26.3;
						TestTargetID = 0BB220862FDD89CC0039E4EB;
					};
					0BB220B32FDD89CE0039E4EB = {
						CreatedOnToolsVersion = 26.3;
					};
				};
			};
			buildConfigurationList = 0BB220822FDD89CC0039E4EB /* Build configuration list for PBXProject "voicebot-ios-companion" */;
			developmentRegion = en;
			hasScannedForEncodings = 0;
			knownRegions = (
				en,
				Base,
			);
			mainGroup = 0BB2207E2FDD89CC0039E4EB;
			minimizedProjectReferenceProxies = 1;
			preferredProjectObjectVersion = 77;
			productRefGroup = 0BB220882FDD89CC0039E4EB /* Products */;
			projectDirPath = "";
			projectRoot = "";
			targets = (
				0BB220862FDD89CC0039E4EB /* voicebot-ios-companion */,
				0BB220B32FDD89CE0039E4EB /* voicebot-watchos-companion */,
				0BB220932FDD89CE0039E4EB /* voicebot-ios-companionTests */,
				0BB2209D2FDD89CE0039E4EB /* voicebot-ios-companionUITests */,
			);
		};
/* End PBXProject section */

/* Begin PBXResourcesBuildPhase section */
		0BB220852FDD89CC0039E4EB /* Resources */ = {
			isa = PBXResourcesBuildPhase;
			buildActionMask = 2147483647;
			files = (
			);
			runOnlyForDeploymentPostprocessing = 0;
		};
		0BB220922FDD89CE0039E4EB /* Resources */ = {
			isa = PBXResourcesBuildPhase;
			buildActionMask = 2147483647;
			files = (
			);
			runOnlyForDeploymentPostprocessing = 0;
		};
		0BB2209C2FDD89CE0039E4EB /* Resources */ = {
			isa = PBXResourcesBuildPhase;
			buildActionMask = 2147483647;
			files = (
			);
			runOnlyForDeploymentPostprocessing = 0;
		};
		0BB220B62FDD89CE0039E4EB /* Resources */ = {
			isa = PBXResourcesBuildPhase;
			buildActionMask = 2147483647;
			files = (
			);
			runOnlyForDeploymentPostprocessing = 0;
		};
/* End PBXResourcesBuildPhase section */

/* Begin PBXSourcesBuildPhase section */
		0BB220832FDD89CC0039E4EB /* Sources */ = {
			isa = PBXSourcesBuildPhase;
			buildActionMask = 2147483647;
			files = (
			);
			runOnlyForDeploymentPostprocessing = 0;
		};
		0BB220902FDD89CE0039E4EB /* Sources */ = {
			isa = PBXSourcesBuildPhase;
			buildActionMask = 2147483647;
			files = (
			);
			runOnlyForDeploymentPostprocessing = 0;
		};
		0BB2209A2FDD89CE0039E4EB /* Sources */ = {
			isa = PBXSourcesBuildPhase;
			buildActionMask = 2147483647;
			files = (
			);
			runOnlyForDeploymentPostprocessing = 0;
		};
		0BB220B42FDD89CE0039E4EB /* Sources */ = {
			isa = PBXSourcesBuildPhase;
			buildActionMask = 2147483647;
			files = (
			);
			runOnlyForDeploymentPostprocessing = 0;
		};
/* End PBXSourcesBuildPhase section */

/* Begin PBXTargetDependency section */
		0BB220962FDD89CE0039E4EB /* PBXTargetDependency */ = {
			isa = PBXTargetDependency;
			target = 0BB220862FDD89CC0039E4EB /* voicebot-ios-companion */;
			targetProxy = 0BB220952FDD89CE0039E4EB /* PBXContainerItemProxy */;
		};
		0BB220A02FDD89CE0039E4EB /* PBXTargetDependency */ = {
			isa = PBXTargetDependency;
			target = 0BB220862FDD89CC0039E4EB /* voicebot-ios-companion */;
			targetProxy = 0BB2209F2FDD89CE0039E4EB /* PBXContainerItemProxy */;
		};
/* End PBXTargetDependency section */

/* Begin XCBuildConfiguration section */
		0BB220A62FDD89CE0039E4EB /* Debug */ = {
			isa = XCBuildConfiguration;
			buildSettings = {
				ALWAYS_SEARCH_USER_PATHS = NO;
				ASSETCATALOG_COMPILER_GENERATE_SWIFT_ASSET_SYMBOL_EXTENSIONS = YES;
				CLANG_ANALYZER_NONNULL = YES;
				CLANG_ANALYZER_NUMBER_OBJECT_CONVERSION = YES_AGGRESSIVE;
				CLANG_CXX_LANGUAGE_STANDARD = "gnu++20";
				CLANG_ENABLE_MODULES = YES;
				CLANG_ENABLE_OBJC_ARC = YES;
				CLANG_ENABLE_OBJC_WEAK = YES;
				CLANG_WARN_BLOCK_CAPTURE_AUTORELEASING = YES;
				CLANG_WARN_BOOL_CONVERSION = YES;
				CLANG_WARN_COMMA = YES;
				CLANG_WARN_CONSTANT_CONVERSION = YES;
				CLANG_WARN_DEPRECATED_OBJC_IMPLEMENTATIONS = YES;
				CLANG_WARN_DIRECT_OBJC_ISA_USAGE = YES_ERROR;
				CLANG_WARN_DOCUMENTATION_COMMENTS = YES;
				CLANG_WARN_EMPTY_BODY = YES;
				CLANG_WARN_ENUM_CONVERSION = YES;
				CLANG_WARN_INFINITE_RECURSION = YES;
				CLANG_WARN_INT_CONVERSION = YES;
				CLANG_WARN_NON_LITERAL_NULL_CONVERSION = YES;
				CLANG_WARN_OBJC_IMPLICIT_RETAIN_SELF = YES;
				CLANG_WARN_OBJC_LITERAL_CONVERSION = YES;
				CLANG_WARN_OBJC_ROOT_CLASS = YES_ERROR;
				CLANG_WARN_QUOTED_INCLUDE_IN_FRAMEWORK_HEADER = YES;
				CLANG_WARN_RANGE_LOOP_ANALYSIS = YES;
				CLANG_WARN_STRICT_PROTOTYPES = YES;
				CLANG_WARN_SUSPICIOUS_MOVE = YES;
				CLANG_WARN_UNGUARDED_AVAILABILITY = YES_AGGRESSIVE;
				CLANG_WARN_UNREACHABLE_CODE = YES;
				CLANG_WARN__DUPLICATE_METHOD_MATCH = YES;
				COPY_PHASE_STRIP = NO;
				DEBUG_INFORMATION_FORMAT = dwarf;
				DEVELOPMENT_TEAM = TW65EXAM4U;
				ENABLE_STRICT_OBJC_MSGSEND = YES;
				ENABLE_TESTABILITY = YES;
				ENABLE_USER_SCRIPT_SANDBOXING = YES;
				GCC_C_LANGUAGE_STANDARD = gnu17;
				GCC_DYNAMIC_NO_PIC = NO;
				GCC_NO_COMMON_BLOCKS = YES;
				GCC_OPTIMIZATION_LEVEL = 0;
				GCC_PREPROCESSOR_DEFINITIONS = (
					"DEBUG=1",
					"$(inherited)",
				);
				GCC_WARN_64_TO_32_BIT_CONVERSION = YES;
				GCC_WARN_ABOUT_RETURN_TYPE = YES_ERROR;
				GCC_WARN_UNDECLARED_SELECTOR = YES;
				GCC_WARN_UNINITIALIZED_AUTOS = YES_AGGRESSIVE;
				GCC_WARN_UNUSED_FUNCTION = YES;
				GCC_WARN_UNUSED_VARIABLE = YES;
				IPHONEOS_DEPLOYMENT_TARGET = 16.0;
				LOCALIZATION_PREFERS_STRING_CATALOGS = YES;
				MTL_ENABLE_DEBUG_INFO = INCLUDE_SOURCE;
				MTL_FAST_MATH = YES;
				ONLY_ACTIVE_ARCH = YES;
				SDKROOT = iphoneos;
				SWIFT_ACTIVE_COMPILATION_CONDITIONS = "DEBUG $(inherited)";
				SWIFT_OPTIMIZATION_LEVEL = "-Onone";
			};
			name = Debug;
		};
		0BB220A72FDD89CE0039E4EB /* Release */ = {
			isa = XCBuildConfiguration;
			buildSettings = {
				ALWAYS_SEARCH_USER_PATHS = NO;
				ASSETCATALOG_COMPILER_GENERATE_SWIFT_ASSET_SYMBOL_EXTENSIONS = YES;
				CLANG_ANALYZER_NONNULL = YES;
				CLANG_ANALYZER_NUMBER_OBJECT_CONVERSION = YES_AGGRESSIVE;
				CLANG_CXX_LANGUAGE_STANDARD = "gnu++20";
				CLANG_ENABLE_MODULES = YES;
				CLANG_ENABLE_OBJC_ARC = YES;
				CLANG_ENABLE_OBJC_WEAK = YES;
				CLANG_WARN_BLOCK_CAPTURE_AUTORELEASING = YES;
				CLANG_WARN_BOOL_CONVERSION = YES;
				CLANG_WARN_COMMA = YES;
				CLANG_WARN_CONSTANT_CONVERSION = YES;
				CLANG_WARN_DEPRECATED_OBJC_IMPLEMENTATIONS = YES;
				CLANG_WARN_DIRECT_OBJC_ISA_USAGE = YES_ERROR;
				CLANG_WARN_DOCUMENTATION_COMMENTS = YES;
				CLANG_WARN_EMPTY_BODY = YES;
				CLANG_WARN_ENUM_CONVERSION = YES;
				CLANG_WARN_INFINITE_RECURSION = YES;
				CLANG_WARN_INT_CONVERSION = YES;
				CLANG_WARN_NON_LITERAL_NULL_CONVERSION = YES;
				CLANG_WARN_OBJC_IMPLICIT_RETAIN_SELF = YES;
				CLANG_WARN_OBJC_LITERAL_CONVERSION = YES;
				CLANG_WARN_OBJC_ROOT_CLASS = YES_ERROR;
				CLANG_WARN_QUOTED_INCLUDE_IN_FRAMEWORK_HEADER = YES;
				CLANG_WARN_RANGE_LOOP_ANALYSIS = YES;
				CLANG_WARN_STRICT_PROTOTYPES = YES;
				CLANG_WARN_SUSPICIOUS_MOVE = YES;
				CLANG_WARN_UNGUARDED_AVAILABILITY = YES_AGGRESSIVE;
				CLANG_WARN_UNREACHABLE_CODE = YES;
				CLANG_WARN__DUPLICATE_METHOD_MATCH = YES;
				COPY_PHASE_STRIP = NO;
				DEBUG_INFORMATION_FORMAT = "dwarf-with-dsym";
				DEVELOPMENT_TEAM = TW65EXAM4U;
				ENABLE_NS_ASSERTIONS = NO;
				ENABLE_STRICT_OBJC_MSGSEND = YES;
				ENABLE_USER_SCRIPT_SANDBOXING = YES;
				GCC_C_LANGUAGE_STANDARD = gnu17;
				GCC_NO_COMMON_BLOCKS = YES;
				GCC_WARN_64_TO_32_BIT_CONVERSION = YES;
				GCC_WARN_ABOUT_RETURN_TYPE = YES_ERROR;
				GCC_WARN_UNDECLARED_SELECTOR = YES;
				GCC_WARN_UNINITIALIZED_AUTOS = YES_AGGRESSIVE;
				GCC_WARN_UNUSED_FUNCTION = YES;
				GCC_WARN_UNUSED_VARIABLE = YES;
				IPHONEOS_DEPLOYMENT_TARGET = 16.0;
				LOCALIZATION_PREFERS_STRING_CATALOGS = YES;
				MTL_ENABLE_DEBUG_INFO = NO;
				MTL_FAST_MATH = YES;
				SDKROOT = iphoneos;
				SWIFT_COMPILATION_MODE = wholemodule;
				VALIDATE_PRODUCT = YES;
			};
			name = Release;
		};
		0BB220A92FDD89CE0039E4EB /* Debug */ = {
			isa = XCBuildConfiguration;
			buildSettings = {
				ASSETCATALOG_COMPILER_APPICON_NAME = AppIcon;
				ASSETCATALOG_COMPILER_GLOBAL_ACCENT_COLOR_NAME = AccentColor;
				CODE_SIGN_STYLE = Automatic;
				CURRENT_PROJECT_VERSION = 1;
				DEVELOPMENT_TEAM = TW65EXAM4U;
				ENABLE_PREVIEWS = YES;
				GENERATE_INFOPLIST_FILE = YES;
				INFOPLIST_KEY_NSLocalNetworkUsageDescription = "Voicebot discovers assistants on your local network for low-latency audio streaming.";
				INFOPLIST_KEY_NSMicrophoneUsageDescription = "Voicebot needs microphone access to capture your voice for real-time conversation.";
				INFOPLIST_KEY_UIApplicationSceneManifest_Generation = YES;
				INFOPLIST_KEY_UIApplicationSupportsIndirectInputEvents = YES;
				INFOPLIST_KEY_UIBackgroundModes = audio;
				INFOPLIST_KEY_UILaunchScreen_Generation = YES;
				INFOPLIST_KEY_UISupportedInterfaceOrientations_iPad = "UIInterfaceOrientationPortrait UIInterfaceOrientationPortraitUpsideDown UIInterfaceOrientationLandscapeLeft UIInterfaceOrientationLandscapeRight";
				INFOPLIST_KEY_UISupportedInterfaceOrientations_iPhone = "UIInterfaceOrientationPortrait UIInterfaceOrientationLandscapeLeft UIInterfaceOrientationLandscapeRight";
				INFOPLIST_KEY_WKCompanionAppBundleIdentifier = "org.veladan.voicebot-ios-companion.watchkitapp";
				LD_RUNPATH_SEARCH_PATHS = (
					"$(inherited)",
					"@executable_path/Frameworks",
				);
				MARKETING_VERSION = 1.0;
				PRODUCT_BUNDLE_IDENTIFIER = "org.veladan.voicebot-ios-companion";
				PRODUCT_NAME = "$(TARGET_NAME)";
				STRING_CATALOG_GENERATE_SYMBOLS = YES;
				SWIFT_APPROACHABLE_CONCURRENCY = YES;
				SWIFT_DEFAULT_ACTOR_ISOLATION = MainActor;
				SWIFT_EMIT_LOC_STRINGS = YES;
				SWIFT_UPCOMING_FEATURE_MEMBER_IMPORT_VISIBILITY = YES;
				SWIFT_VERSION = 5.0;
				TARGETED_DEVICE_FAMILY = "1,2";
			};
			name = Debug;
		};
		0BB220AA2FDD89CE0039E4EB /* Release */ = {
			isa = XCBuildConfiguration;
			buildSettings = {
				ASSETCATALOG_COMPILER_APPICON_NAME = AppIcon;
				ASSETCATALOG_COMPILER_GLOBAL_ACCENT_COLOR_NAME = AccentColor;
				CODE_SIGN_STYLE = Automatic;
				CURRENT_PROJECT_VERSION = 1;
				DEVELOPMENT_TEAM = TW65EXAM4U;
				ENABLE_PREVIEWS = YES;
				GENERATE_INFOPLIST_FILE = YES;
				INFOPLIST_KEY_NSLocalNetworkUsageDescription = "Voicebot discovers assistants on your local network for low-latency audio streaming.";
				INFOPLIST_KEY_NSMicrophoneUsageDescription = "Voicebot needs microphone access to capture your voice for real-time conversation.";
				INFOPLIST_KEY_UIApplicationSceneManifest_Generation = YES;
				INFOPLIST_KEY_UIApplicationSupportsIndirectInputEvents = YES;
				INFOPLIST_KEY_UIBackgroundModes = audio;
				INFOPLIST_KEY_UILaunchScreen_Generation = YES;
				INFOPLIST_KEY_UISupportedInterfaceOrientations_iPad = "UIInterfaceOrientationPortrait UIInterfaceOrientationPortraitUpsideDown UIInterfaceOrientationLandscapeLeft UIInterfaceOrientationLandscapeRight";
				INFOPLIST_KEY_UISupportedInterfaceOrientations_iPhone = "UIInterfaceOrientationPortrait UIInterfaceOrientationLandscapeLeft UIInterfaceOrientationLandscapeRight";
				INFOPLIST_KEY_WKCompanionAppBundleIdentifier = "org.veladan.voicebot-ios-companion.watchkitapp";
				LD_RUNPATH_SEARCH_PATHS = (
					"$(inherited)",
					"@executable_path/Frameworks",
				);
				MARKETING_VERSION = 1.0;
				PRODUCT_BUNDLE_IDENTIFIER = "org.veladan.voicebot-ios-companion";
				PRODUCT_NAME = "$(TARGET_NAME)";
				STRING_CATALOG_GENERATE_SYMBOLS = YES;
				SWIFT_APPROACHABLE_CONCURRENCY = YES;
				SWIFT_DEFAULT_ACTOR_ISOLATION = MainActor;
				SWIFT_EMIT_LOC_STRINGS = YES;
				SWIFT_UPCOMING_FEATURE_MEMBER_IMPORT_VISIBILITY = YES;
				SWIFT_VERSION = 5.0;
				TARGETED_DEVICE_FAMILY = "1,2";
			};
			name = Release;
		};
		0BB220AC2FDD89CE0039E4EB /* Debug */ = {
			isa = XCBuildConfiguration;
			buildSettings = {
				BUNDLE_LOADER = "$(TEST_HOST)";
				CODE_SIGN_STYLE = Automatic;
				CURRENT_PROJECT_VERSION = 1;
				DEVELOPMENT_TEAM = TW65EXAM4U;
				GENERATE_INFOPLIST_FILE = YES;
				IPHONEOS_DEPLOYMENT_TARGET = 16.0;
				MARKETING_VERSION = 1.0;
				PRODUCT_BUNDLE_IDENTIFIER = "org.veladan.voicebot-ios-companionTests";
				PRODUCT_NAME = "$(TARGET_NAME)";
				STRING_CATALOG_GENERATE_SYMBOLS = NO;
				SWIFT_APPROACHABLE_CONCURRENCY = YES;
				SWIFT_EMIT_LOC_STRINGS = NO;
				SWIFT_UPCOMING_FEATURE_MEMBER_IMPORT_VISIBILITY = YES;
				SWIFT_VERSION = 5.0;
				TARGETED_DEVICE_FAMILY = "1,2";
				TEST_HOST = "$(BUILT_PRODUCTS_DIR)/voicebot-ios-companion.app/$(BUNDLE_EXECUTABLE_FOLDER_PATH)/voicebot-ios-companion";
			};
			name = Debug;
		};
		0BB220AD2FDD89CE0039E4EB /* Release */ = {
			isa = XCBuildConfiguration;
			buildSettings = {
				BUNDLE_LOADER = "$(TEST_HOST)";
				CODE_SIGN_STYLE = Automatic;
				CURRENT_PROJECT_VERSION = 1;
				DEVELOPMENT_TEAM = TW65EXAM4U;
				GENERATE_INFOPLIST_FILE = YES;
				IPHONEOS_DEPLOYMENT_TARGET = 16.0;
				MARKETING_VERSION = 1.0;
				PRODUCT_BUNDLE_IDENTIFIER = "org.veladan.voicebot-ios-companionTests";
				PRODUCT_NAME = "$(TARGET_NAME)";
				STRING_CATALOG_GENERATE_SYMBOLS = NO;
				SWIFT_APPROACHABLE_CONCURRENCY = YES;
				SWIFT_EMIT_LOC_STRINGS = NO;
				SWIFT_UPCOMING_FEATURE_MEMBER_IMPORT_VISIBILITY = YES;
				SWIFT_VERSION = 5.0;
				TARGETED_DEVICE_FAMILY = "1,2";
				TEST_HOST = "$(BUILT_PRODUCTS_DIR)/voicebot-ios-companion.app/$(BUNDLE_EXECUTABLE_FOLDER_PATH)/voicebot-ios-companion";
			};
			name = Release;
		};
		0BB220AF2FDD89CE0039E4EB /* Debug */ = {
			isa = XCBuildConfiguration;
			buildSettings = {
				CODE_SIGN_STYLE = Automatic;
				CURRENT_PROJECT_VERSION = 1;
				DEVELOPMENT_TEAM = TW65EXAM4U;
				GENERATE_INFOPLIST_FILE = YES;
				MARKETING_VERSION = 1.0;
				PRODUCT_BUNDLE_IDENTIFIER = "org.veladan.voicebot-ios-companionUITests";
				PRODUCT_NAME = "$(TARGET_NAME)";
				STRING_CATALOG_GENERATE_SYMBOLS = NO;
				SWIFT_APPROACHABLE_CONCURRENCY = YES;
				SWIFT_EMIT_LOC_STRINGS = NO;
				SWIFT_UPCOMING_FEATURE_MEMBER_IMPORT_VISIBILITY = YES;
				SWIFT_VERSION = 5.0;
				TARGETED_DEVICE_FAMILY = "1,2";
				TEST_TARGET_NAME = "voicebot-ios-companion";
			};
			name = Debug;
		};
		0BB220B02FDD89CE0039E4EB /* Release */ = {
			isa = XCBuildConfiguration;
			buildSettings = {
				CODE_SIGN_STYLE = Automatic;
				CURRENT_PROJECT_VERSION = 1;
				DEVELOPMENT_TEAM = TW65EXAM4U;
				GENERATE_INFOPLIST_FILE = YES;
				MARKETING_VERSION = 1.0;
				PRODUCT_BUNDLE_IDENTIFIER = "org.veladan.voicebot-ios-companionUITests";
				PRODUCT_NAME = "$(TARGET_NAME)";
				STRING_CATALOG_GENERATE_SYMBOLS = NO;
				SWIFT_APPROACHABLE_CONCURRENCY = YES;
				SWIFT_EMIT_LOC_STRINGS = NO;
				SWIFT_UPCOMING_FEATURE_MEMBER_IMPORT_VISIBILITY = YES;
				SWIFT_VERSION = 5.0;
				TARGETED_DEVICE_FAMILY = "1,2";
				TEST_TARGET_NAME = "voicebot-ios-companion";
			};
			name = Release;
		};
		0BB220B82FDD89CE0039E4EB /* Debug */ = {
			isa = XCBuildConfiguration;
			buildSettings = {
				ASSETCATALOG_COMPILER_APPICON_NAME = AppIcon;
				ASSETCATALOG_COMPILER_GLOBAL_ACCENT_COLOR_NAME = AccentColor;
				CODE_SIGN_STYLE = Automatic;
				CURRENT_PROJECT_VERSION = 1;
				DEVELOPMENT_TEAM = TW65EXAM4U;
				ENABLE_PREVIEWS = YES;
				GENERATE_INFOPLIST_FILE = YES;
				INFOPLIST_KEY_UIBackgroundModes = audio;
				INFOPLIST_KEY_WKCompanionAppBundleIdentifier = "org.veladan.voicebot-ios-companion";
				MARKETING_VERSION = 1.0;
				PRODUCT_BUNDLE_IDENTIFIER = "org.veladan.voicebot-ios-companion.watchkitapp";
				PRODUCT_NAME = "$(TARGET_NAME)";
				SDKROOT = watchos;
				STRING_CATALOG_GENERATE_SYMBOLS = YES;
				SWIFT_APPROACHABLE_CONCURRENCY = YES;
				SWIFT_EMIT_LOC_STRINGS = YES;
				SWIFT_UPCOMING_FEATURE_MEMBER_IMPORT_VISIBILITY = YES;
				SWIFT_VERSION = 5.0;
				TARGETED_DEVICE_FAMILY = 4;
				WATCHOS_DEPLOYMENT_TARGET = 10.0;
			};
			name = Debug;
		};
		0BB220B92FDD89CE0039E4EB /* Release */ = {
			isa = XCBuildConfiguration;
			buildSettings = {
				ASSETCATALOG_COMPILER_APPICON_NAME = AppIcon;
				ASSETCATALOG_COMPILER_GLOBAL_ACCENT_COLOR_NAME = AccentColor;
				CODE_SIGN_STYLE = Automatic;
				CURRENT_PROJECT_VERSION = 1;
				DEVELOPMENT_TEAM = TW65EXAM4U;
				ENABLE_PREVIEWS = YES;
				GENERATE_INFOPLIST_FILE = YES;
				INFOPLIST_KEY_UIBackgroundModes = audio;
				INFOPLIST_KEY_WKCompanionAppBundleIdentifier = "org.veladan.voicebot-ios-companion";
				MARKETING_VERSION = 1.0;
				PRODUCT_BUNDLE_IDENTIFIER = "org.veladan.voicebot-ios-companion.watchkitapp";
				PRODUCT_NAME = "$(TARGET_NAME)";
				SDKROOT = watchos;
				STRING_CATALOG_GENERATE_SYMBOLS = YES;
				SWIFT_APPROACHABLE_CONCURRENCY = YES;
				SWIFT_EMIT_LOC_STRINGS = YES;
				SWIFT_UPCOMING_FEATURE_MEMBER_IMPORT_VISIBILITY = YES;
				SWIFT_VERSION = 5.0;
				TARGETED_DEVICE_FAMILY = 4;
				WATCHOS_DEPLOYMENT_TARGET = 10.0;
			};
			name = Release;
		};
/* End XCBuildConfiguration section */

/* Begin XCConfigurationList section */
		0BB220822FDD89CC0039E4EB /* Build configuration list for PBXProject "voicebot-ios-companion" */ = {
			isa = XCConfigurationList;
			buildConfigurations = (
				0BB220A62FDD89CE0039E4EB /* Debug */,
				0BB220A72FDD89CE0039E4EB /* Release */,
			);
			defaultConfigurationIsVisible = 0;
			defaultConfigurationName = Release;
		};
		0BB220A82FDD89CE0039E4EB /* Build configuration list for PBXNativeTarget "voicebot-ios-companion" */ = {
			isa = XCConfigurationList;
			buildConfigurations = (
				0BB220A92FDD89CE0039E4EB /* Debug */,
				0BB220AA2FDD89CE0039E4EB /* Release */,
			);
			defaultConfigurationIsVisible = 0;
			defaultConfigurationName = Release;
		};
		0BB220AB2FDD89CE0039E4EB /* Build configuration list for PBXNativeTarget "voicebot-ios-companionTests" */ = {
			isa = XCConfigurationList;
			buildConfigurations = (
				0BB220AC2FDD89CE0039E4EB /* Debug */,
				0BB220AD2FDD89CE0039E4EB /* Release */,
			);
			defaultConfigurationIsVisible = 0;
			defaultConfigurationName = Release;
		};
		0BB220AE2FDD89CE0039E4EB /* Build configuration list for PBXNativeTarget "voicebot-ios-companionUITests" */ = {
			isa = XCConfigurationList;
			buildConfigurations = (
				0BB220AF2FDD89CE0039E4EB /* Debug */,
				0BB220B02FDD89CE0039E4EB /* Release */,
			);
			defaultConfigurationIsVisible = 0;
			defaultConfigurationName = Release;
		};
		0BB220B72FDD89CE0039E4EB /* Build configuration list for PBXNativeTarget "voicebot-watchos-companion" */ = {
			isa = XCConfigurationList;
			buildConfigurations = (
				0BB220B82FDD89CE0039E4EB /* Debug */,
				0BB220B92FDD89CE0039E4EB /* Release */,
			);
			defaultConfigurationIsVisible = 0;
			defaultConfigurationName = Release;
		};
/* End XCConfigurationList section */
	};
	rootObject = 0BB2207F2FDD89CC0039E4EB /* Project object */;
}
